
Microsoft Visual Studio Solution File, Format Version 12.00
# Visual Studio Version 17
VisualStudioVersion = 17.4.33205.214
MinimumVisualStudioVersion = 10.0.40219.1
Project("{9A19103F-16F7-4668-BE54-9A1E7A4F7556}") = "SWAPI", "WebApplication1\SWAPI.csproj", "{15329FBC-BC04-434A-951C-163FA6F6FD9E}"
EndProject
Project("{9A19103F-16F7-4668-BE54-9A1E7A4F7556}") = "TestSWAPI", "TestProject1\TestSWAPI.csproj", "{BCE0A1E2-080D-4089-950A-0411413DD127}"
EndProject
Global
	GlobalSection(SolutionConfigurationPlatforms) = preSolution
		Debug|Any CPU = Debug|Any CPU
		Release|Any CPU = Release|Any CPU
	EndGlobalSection
	GlobalSection(ProjectConfigurationPlatforms) = postSolution
		{15329FBC-BC04-434A-951C-163FA6F6FD9E}.Debug|Any CPU.ActiveCfg = Debug|Any CPU
		{15329FBC-BC04-434A-951C-163FA6F6FD9E}.Debug|Any CPU.Build.0 = Debug|Any CPU
		{15329FBC-BC04-434A-951C-163FA6F6FD9E}.Release|Any CPU.ActiveCfg = Release|Any CPU
		{15329FBC-BC04-434A-951C-163FA6F6FD9E}.Release|Any CPU.Build.0 = Release|Any CPU
		{BCE0A1E2-080D-4089-950A-0411413DD127}.Debug|Any CPU.ActiveCfg = Debug|Any CPU
		{BCE0A1E2-080D-4089-950A-0411413DD127}.Debug|Any CPU.Build.0 = Debug|Any CPU
		{BCE0A1E2-080D-4089-950A-0411413DD127}.Release|Any CPU.ActiveCfg = Release|Any CPU
		{BCE0A1E2-080D-4089-950A-0411413DD127}.Release|Any CPU.Build.0 = Release|Any CPU
	EndGlobalSection
	GlobalSection(SolutionProperties) = preSolution
		HideSolutionNode = FALSE
	EndGlobalSection
	GlobalSection(ExtensibilityGlobals) = postSolution
		SolutionGuid = {EA478F78-7E7A-4F3E-9D3C-BA1BAF46F105}
	EndGlobalSection
EndGlobal
